
Microsoft Visual Studio Solution File, Format Version 12.00
# Visual Studio 14
VisualStudioVersion = 14.0.23107.0
MinimumVisualStudioVersion = 10.0.40219.1
Project("{FAE04EC0-301F-11D3-BF4B-00C04F79EFBC}") = "Web", "Web\Web.csproj", "{E46525D5-4C30-4583-8312-4499915118D2}"
EndProject
Project("{FAE04EC0-301F-11D3-BF4B-00C04F79EFBC}") = "Data", "Data\Data.csproj", "{B297423C-E26E-43C1-BC5A-64E622BE428E}"
EndProject
Project("{FAE04EC0-301F-11D3-BF4B-00C04F79EFBC}") = "DataAccess", "DataAccess\DataAccess.csproj", "{3C15543D-8AFD-43A2-A4E5-D73E1214973C}"
EndProject
Project("{FAE04EC0-301F-11D3-BF4B-00C04F79EFBC}") = "BusinessLogic", "BusinessLogic\BusinessLogic.csproj", "{4B4A1D83-CB8C-4CAD-8697-B68FB3A5AD14}"
EndProject
Project("{FAE04EC0-301F-11D3-BF4B-00C04F79EFBC}") = "Utility", "Utility\Utility.csproj", "{CC5F1AE0-62A2-43D0-A75E-C701935F0556}"
EndProject
Global
	GlobalSection(SolutionConfigurationPlatforms) = preSolution
		Debug|Any CPU = Debug|Any CPU
		Release|Any CPU = Release|Any CPU
	EndGlobalSection
	GlobalSection(ProjectConfigurationPlatforms) = postSolution
		{E46525D5-4C30-4583-8312-4499915118D2}.Debug|Any CPU.ActiveCfg = Debug|Any CPU
		{E46525D5-4C30-4583-8312-4499915118D2}.Debug|Any CPU.Build.0 = Debug|Any CPU
		{E46525D5-4C30-4583-8312-4499915118D2}.Release|Any CPU.ActiveCfg = Release|Any CPU
		{E46525D5-4C30-4583-8312-4499915118D2}.Release|Any CPU.Build.0 = Release|Any CPU
		{B297423C-E26E-43C1-BC5A-64E622BE428E}.Debug|Any CPU.ActiveCfg = Debug|Any CPU
		{B297423C-E26E-43C1-BC5A-64E622BE428E}.Debug|Any CPU.Build.0 = Debug|Any CPU
		{B297423C-E26E-43C1-BC5A-64E622BE428E}.Release|Any CPU.ActiveCfg = Release|Any CPU
		{B297423C-E26E-43C1-BC5A-64E622BE428E}.Release|Any CPU.Build.0 = Release|Any CPU
		{3C15543D-8AFD-43A2-A4E5-D73E1214973C}.Debug|Any CPU.ActiveCfg = Debug|Any CPU
		{3C15543D-8AFD-43A2-A4E5-D73E1214973C}.Debug|Any CPU.Build.0 = Debug|Any CPU
		{3C15543D-8AFD-43A2-A4E5-D73E1214973C}.Release|Any CPU.ActiveCfg = Release|Any CPU
		{3C15543D-8AFD-43A2-A4E5-D73E1214973C}.Release|Any CPU.Build.0 = Release|Any CPU
		{4B4A1D83-CB8C-4CAD-8697-B68FB3A5AD14}.Debug|Any CPU.ActiveCfg = Debug|Any CPU
		{4B4A1D83-CB8C-4CAD-8697-B68FB3A5AD14}.Debug|Any CPU.Build.0 = Debug|Any CPU
		{4B4A1D83-CB8C-4CAD-8697-B68FB3A5AD14}.Release|Any CPU.ActiveCfg = Release|Any CPU
		{4B4A1D83-CB8C-4CAD-8697-B68FB3A5AD14}.Release|Any CPU.Build.0 = Release|Any CPU
		{CC5F1AE0-62A2-43D0-A75E-C701935F0556}.Debug|Any CPU.ActiveCfg = Debug|Any CPU
		{CC5F1AE0-62A2-43D0-A75E-C701935F0556}.Debug|Any CPU.Build.0 = Debug|Any CPU
		{CC5F1AE0-62A2-43D0-A75E-C701935F0556}.Release|Any CPU.ActiveCfg = Release|Any CPU
		{CC5F1AE0-62A2-43D0-A75E-C701935F0556}.Release|Any CPU.Build.0 = Release|Any CPU
	EndGlobalSection
	GlobalSection(SolutionProperties) = preSolution
		HideSolutionNode = FALSE
	EndGlobalSection
EndGlobal
